<Solution>
  <Folder Name="/src/">
    <Project Path="src/PaperDotNet.Core/PaperDotNet.Core.csproj" />
    <Project Path="src/PaperDotNet.Core.Host/PaperDotNet.Core.Host.csproj" />
    <Project Path="src/PaperDotNet.Core.Migrations.Sqlite/PaperDotNet.Core.Migrations.Sqlite.csproj" />
  </Folder>
  <Folder Name="/tests/">
    <Project Path="tests/PaperDotNet.Core.Tests/PaperDotNet.Core.Tests.csproj" />
  </Folder>
</Solution>
